
Microsoft Visual Studio Solution File, Format Version 12.00
# Visual Studio Version 16
VisualStudioVersion = 16.0.30114.105
MinimumVisualStudioVersion = 10.0.40219.1
Project("{FAE04EC0-301F-11D3-BF4B-00C04F79EFBC}") = "simplewebserverlib", "simplewebserverlib\simplewebserverlib.csproj", "{F9DCA51B-F4A0-467D-A878-16CFD730E7FF}"
EndProject
Project("{FAE04EC0-301F-11D3-BF4B-00C04F79EFBC}") = "simplewebserver", "simplewebserver\simplewebserver.csproj", "{3F3C9E54-3036-4576-8BE0-03109761462B}"
EndProject
Project("{FAE04EC0-301F-11D3-BF4B-00C04F79EFBC}") = "simplewebservertest", "simplewebservertest\simplewebservertest.csproj", "{F4059FCC-C192-42E4-B3F0-609F6186D52E}"
EndProject
Global
	GlobalSection(SolutionConfigurationPlatforms) = preSolution
		Debug|Any CPU = Debug|Any CPU
		Release|Any CPU = Release|Any CPU
	EndGlobalSection
	GlobalSection(SolutionProperties) = preSolution
		HideSolutionNode = FALSE
	EndGlobalSection
	GlobalSection(ProjectConfigurationPlatforms) = postSolution
		{F9DCA51B-F4A0-467D-A878-16CFD730E7FF}.Debug|Any CPU.ActiveCfg = Debug|Any CPU
		{F9DCA51B-F4A0-467D-A878-16CFD730E7FF}.Debug|Any CPU.Build.0 = Debug|Any CPU
		{F9DCA51B-F4A0-467D-A878-16CFD730E7FF}.Release|Any CPU.ActiveCfg = Release|Any CPU
		{F9DCA51B-F4A0-467D-A878-16CFD730E7FF}.Release|Any CPU.Build.0 = Release|Any CPU
		{3F3C9E54-3036-4576-8BE0-03109761462B}.Debug|Any CPU.ActiveCfg = Debug|Any CPU
		{3F3C9E54-3036-4576-8BE0-03109761462B}.Debug|Any CPU.Build.0 = Debug|Any CPU
		{3F3C9E54-3036-4576-8BE0-03109761462B}.Release|Any CPU.ActiveCfg = Release|Any CPU
		{3F3C9E54-3036-4576-8BE0-03109761462B}.Release|Any CPU.Build.0 = Release|Any CPU
		{F4059FCC-C192-42E4-B3F0-609F6186D52E}.Debug|Any CPU.ActiveCfg = Debug|Any CPU
		{F4059FCC-C192-42E4-B3F0-609F6186D52E}.Debug|Any CPU.Build.0 = Debug|Any CPU
		{F4059FCC-C192-42E4-B3F0-609F6186D52E}.Release|Any CPU.ActiveCfg = Release|Any CPU
		{F4059FCC-C192-42E4-B3F0-609F6186D52E}.Release|Any CPU.Build.0 = Release|Any CPU
	EndGlobalSection
EndGlobal
